PODS:
  - BugImageCreator (1.0.0)
  - DebugHead (1.1.1):
    - BugImageCreator (~> 1.0.0)
  - DebugMenuUserDefaultsBrowser (0.2.0):
    - DebugHead (>= 1.0.0)
    - TAKKitSwift (>= 3.1.0)
  - STTwitter (0.2.6)
  - TAKKitSwift (3.1.0):
    - TAKKitSwift/Core (= 3.1.0)
    - TAKKitSwift/Photo (= 3.1.0)
    - TAKKitSwift/Twitter (= 3.1.0)
    - TAKKitSwift/UserDefaults (= 3.1.0)
  - TAKKitSwift/Core (3.1.0)
  - TAKKitSwift/Photo (3.1.0):
    - TAKKitSwift/Core
  - TAKKitSwift/Twitter (3.1.0):
    - STTwitter
    - TAKKitSwift/Core
  - TAKKitSwift/UserDefaults (3.1.0):
    - TAKKitSwift/Core

DEPENDENCIES:
  - DebugMenuUserDefaultsBrowser (from `../`)

EXTERNAL SOURCES:
  DebugMenuUserDefaultsBrowser:
    :path: "../"

SPEC CHECKSUMS:
  BugImageCreator: 7b33b0fad9a8764ce2da02a0d69b1acfe2ee6360
  DebugHead: f2d4c19ff2ccc15cedb7c4a3a6536fa54a952738
  DebugMenuUserDefaultsBrowser: e0963eead6f32a31bb80f6d3eaf7596b3b79c4d3
  STTwitter: 30ee2f79eff78c3d633a1edc869e97db9c9ead59
  TAKKitSwift: 9d803c6f4f1e35d9889f482b8ad03022b67adde4

PODFILE CHECKSUM: 803186d534dcd8fa8b418367e3404d68987d15c3

COCOAPODS: 1.1.0.rc.2
